
Microsoft Visual Studio Solution File, Format Version 12.00
# Visual Studio Version 17
VisualStudioVersion = 17.4.33205.214
MinimumVisualStudioVersion = 10.0.40219.1
Project("{9A19103F-16F7-4668-BE54-9A1E7A4F7556}") = "GAIF", "GAIF\GAIF.csproj", "{61789AC9-C40D-49EC-9C0D-C7050EE181B1}"
EndProject
Project("{FAE04EC0-301F-11D3-BF4B-00C04F79EFBC}") = "CLIRuntime", "CLIRuntime\CLIRuntime.csproj", "{B3DE0F58-133B-45E8-91C4-A8DE9977EBF3}"
EndProject
Global
	GlobalSection(SolutionConfigurationPlatforms) = preSolution
		Debug|Any CPU = Debug|Any CPU
		Release|Any CPU = Release|Any CPU
	EndGlobalSection
	GlobalSection(ProjectConfigurationPlatforms) = postSolution
		{61789AC9-C40D-49EC-9C0D-C7050EE181B1}.Debug|Any CPU.ActiveCfg = Debug|Any CPU
		{61789AC9-C40D-49EC-9C0D-C7050EE181B1}.Debug|Any CPU.Build.0 = Debug|Any CPU
		{61789AC9-C40D-49EC-9C0D-C7050EE181B1}.Release|Any CPU.ActiveCfg = Release|Any CPU
		{61789AC9-C40D-49EC-9C0D-C7050EE181B1}.Release|Any CPU.Build.0 = Release|Any CPU
		{B3DE0F58-133B-45E8-91C4-A8DE9977EBF3}.Debug|Any CPU.ActiveCfg = Debug|Any CPU
		{B3DE0F58-133B-45E8-91C4-A8DE9977EBF3}.Debug|Any CPU.Build.0 = Debug|Any CPU
		{B3DE0F58-133B-45E8-91C4-A8DE9977EBF3}.Release|Any CPU.ActiveCfg = Release|Any CPU
		{B3DE0F58-133B-45E8-91C4-A8DE9977EBF3}.Release|Any CPU.Build.0 = Release|Any CPU
	EndGlobalSection
	GlobalSection(SolutionProperties) = preSolution
		HideSolutionNode = FALSE
	EndGlobalSection
	GlobalSection(ExtensibilityGlobals) = postSolution
		SolutionGuid = {F05E53AF-B867-47EA-8D88-1C06DD624BAE}
	EndGlobalSection
EndGlobal
